
Microsoft Visual Studio Solution File, Format Version 12.00
# Visual Studio Version 17
VisualStudioVersion = 17.10.35027.167
MinimumVisualStudioVersion = 10.0.40219.1
Project("{9A19103F-16F7-4668-BE54-9A1E7A4F7556}") = "Etiqueta de Pedidos", "Etiqueta de Pedidos\Etiqueta de Pedidos.csproj", "{412FFB16-7A54-4DFA-86B0-980FF25040E2}"
EndProject
Global
	GlobalSection(SolutionConfigurationPlatforms) = preSolution
		Debug|Any CPU = Debug|Any CPU
		Release|Any CPU = Release|Any CPU
	EndGlobalSection
	GlobalSection(ProjectConfigurationPlatforms) = postSolution
		{412FFB16-7A54-4DFA-86B0-980FF25040E2}.Debug|Any CPU.ActiveCfg = Debug|Any CPU
		{412FFB16-7A54-4DFA-86B0-980FF25040E2}.Debug|Any CPU.Build.0 = Debug|Any CPU
		{412FFB16-7A54-4DFA-86B0-980FF25040E2}.Release|Any CPU.ActiveCfg = Release|Any CPU
		{412FFB16-7A54-4DFA-86B0-980FF25040E2}.Release|Any CPU.Build.0 = Release|Any CPU
	EndGlobalSection
	GlobalSection(SolutionProperties) = preSolution
		HideSolutionNode = FALSE
	EndGlobalSection
	GlobalSection(ExtensibilityGlobals) = postSolution
		SolutionGuid = {386290C8-B337-4255-A5F8-F1FFCEBC43C2}
	EndGlobalSection
EndGlobal
